// !$*UTF8*$!
{
	archiveVersion = 1;
	classes = {
	};
	objectVersion = 46;
	objects = {

/* Begin PBXBuildFile section */
		6D89BD861CAE58AC00ADB56E /* AppDelegate.swift in Sources */ = {isa = PBXBuildFile; fileRef = 6D89BD851CAE58AC00ADB56E /* AppDelegate.swift */; };
		6D89BD881CAE58AC00ADB56E /* ViewController.swift in Sources */ = {isa = PBXBuildFile; fileRef = 6D89BD871CAE58AC00ADB56E /* ViewController.swift */; };
		6D89BD8B1CAE58AC00ADB56E /* Main.storyboard in Resources */ = {isa = PBXBuildFile; fileRef = 6D89BD891CAE58AC00ADB56E /* Main.storyboard */; };
		6D89BD8D1CAE58AC00ADB56E /* Assets.xcassets in Resources */ = {isa = PBXBuildFile; fileRef = 6D89BD8C1CAE58AC00ADB56E /* Assets.xcassets */; };
		6D89BD901CAE58AC00ADB56E /* LaunchScreen.storyboard in Resources */ = {isa = PBXBuildFile; fileRef = 6D89BD8E1CAE58AC00ADB56E /* LaunchScreen.storyboard */; };
		6D89BD9B1CAE58AC00ADB56E /* ReproduceOptimizeCrashTests.swift in Sources */ = {isa = PBXBuildFile; fileRef = 6D89BD9A1CAE58AC00ADB56E /* ReproduceOptimizeCrashTests.swift */; };
		6D89BDA61CAE58AC00ADB56E /* ReproduceOptimizeCrashUITests.swift in Sources */ = {isa = PBXBuildFile; fileRef = 6D89BDA51CAE58AC00ADB56E /* ReproduceOptimizeCrashUITests.swift */; };
/* End PBXBuildFile section */

/* Begin PBXContainerItemProxy section */
		6D89BD971CAE58AC00ADB56E /* PBXContainerItemProxy */ = {
			isa = PBXContainerItemProxy;
			containerPortal = 6D89BD7A1CAE58AC00ADB56E /* Project object */;
			proxyType = 1;
			remoteGlobalIDString = 6D89BD811CAE58AC00ADB56E;
			remoteInfo = ReproduceOptimizeCrash;
		};
		6D89BDA21CAE58AC00ADB56E /* PBXContainerItemProxy */ = {
			isa = PBXContainerItemProxy;
			containerPortal = 6D89BD7A1CAE58AC00ADB56E /* Project object */;
			proxyType = 1;
			remoteGlobalIDString = 6D89BD811CAE58AC00ADB56E;
			remoteInfo = ReproduceOptimizeCrash;
		};
/* End PBXContainerItemProxy section */

/* Begin PBXFileReference section */
		6D89BD821CAE58AC00ADB56E /* ReproduceOptimizeCrash.app */ = {isa = PBXFileReference; explicitFileType = wrapper.application; includeInIndex = 0; path = ReproduceOptimizeCrash.app; sourceTree = BUILT_PRODUCTS_DIR; };
		6D89BD851CAE58AC00ADB56E /* AppDelegate.swift */ = {isa = PBXFileReference; lastKnownFileType = sourcecode.swift; path = AppDelegate.swift; sourceTree = "<group>"; };
		6D89BD871CAE58AC00ADB56E /* ViewController.swift */ = {isa = PBXFileReference; lastKnownFileType = sourcecode.swift; path = ViewController.swift; sourceTree = "<group>"; };
		6D89BD8A1CAE58AC00ADB56E /* Base */ = {isa = PBXFileReference; lastKnownFileType = file.storyboard; name = Base; path = Base.lproj/Main.storyboard; sourceTree = "<group>"; };
		6D89BD8C1CAE58AC00ADB56E /* Assets.xcassets */ = {isa = PBXFileReference; lastKnownFileType = folder.assetcatalog; path = Assets.xcassets; sourceTree = "<group>"; };
		6D89BD8F1CAE58AC00ADB56E /* Base */ = {isa = PBXFileReference; lastKnownFileType = file.storyboard; name = Base; path = Base.lproj/LaunchScreen.storyboard; sourceTree = "<group>"; };
		6D89BD911CAE58AC00ADB56E /* Info.plist */ = {isa = PBXFileReference; lastKnownFileType = text.plist.xml; path = Info.plist; sourceTree = "<group>"; };
		6D89BD961CAE58AC00ADB56E /* ReproduceOptimizeCrashTests.xctest */ = {isa = PBXFileReference; explicitFileType = wrapper.cfbundle; includeInIndex = 0; path = ReproduceOptimizeCrashTests.xctest; sourceTree = BUILT_PRODUCTS_DIR; };
		6D89BD9A1CAE58AC00ADB56E /* ReproduceOptimizeCrashTests.swift */ = {isa = PBXFileReference; lastKnownFileType = sourcecode.swift; path = ReproduceOptimizeCrashTests.swift; sourceTree = "<group>"; };
		6D89BD9C1CAE58AC00ADB56E /* Info.plist */ = {isa = PBXFileReference; lastKnownFileType = text.plist.xml; path = Info.plist; sourceTree = "<group>"; };
		6D89BDA11CAE58AC00ADB56E /* ReproduceOptimizeCrashUITests.xctest */ = {isa = PBXFileReference; explicitFileType = wrapper.cfbundle; includeInIndex = 0; path = ReproduceOptimizeCrashUITests.xctest; sourceTree = BUILT_PRODUCTS_DIR; };
		6D89BDA51CAE58AC00ADB56E /* ReproduceOptimizeCrashUITests.swift */ = {isa = PBXFileReference; lastKnownFileType = sourcecode.swift; path = ReproduceOptimizeCrashUITests.swift; sourceTree = "<group>"; };
		6D89BDA71CAE58AC00ADB56E /* Info.plist */ = {isa = PBXFileReference; lastKnownFileType = text.plist.xml; path = Info.plist; sourceTree = "<group>"; };
/* End PBXFileReference section */

/* Begin PBXFrameworksBuildPhase section */
		6D89BD7F1CAE58AC00ADB56E /* Frameworks */ = {
			isa = PBXFrameworksBuildPhase;
			buildActionMask = 2147483647;
			files = (
			);
			runOnlyForDeploymentPostprocessing = 0;
		};
		6D89BD931CAE58AC00ADB56E /* Frameworks */ = {
			isa = PBXFrameworksBuildPhase;
			buildActionMask = 2147483647;
			files = (
			);
			runOnlyForDeploymentPostprocessing = 0;
		};
		6D89BD9E1CAE58AC00ADB56E /* Frameworks */ = {
			isa = PBXFrameworksBuildPhase;
			buildActionMask = 2147483647;
			files = (
			);
			runOnlyForDeploymentPostprocessing = 0;
		};
/* End PBXFrameworksBuildPhase section */

/* Begin PBXGroup section */
		6D89BD791CAE58AC00ADB56E = {
			isa = PBXGroup;
			children = (
				6D89BD841CAE58AC00ADB56E /* ReproduceOptimizeCrash */,
				6D89BD991CAE58AC00ADB56E /* ReproduceOptimizeCrashTests */,
				6D89BDA41CAE58AC00ADB56E /* ReproduceOptimizeCrashUITests */,
				6D89BD831CAE58AC00ADB56E /* Products */,
			);
			sourceTree = "<group>";
		};
		6D89BD831CAE58AC00ADB56E /* Products */ = {
			isa = PBXGroup;
			children = (
				6D89BD821CAE58AC00ADB56E /* ReproduceOptimizeCrash.app */,
				6D89BD961CAE58AC00ADB56E /* ReproduceOptimizeCrashTests.xctest */,
				6D89BDA11CAE58AC00ADB56E /* ReproduceOptimizeCrashUITests.xctest */,
			);
			name = Products;
			sourceTree = "<group>";
		};
		6D89BD841CAE58AC00ADB56E /* ReproduceOptimizeCrash */ = {
			isa = PBXGroup;
			children = (
				6D89BD851CAE58AC00ADB56E /* AppDelegate.swift */,
				6D89BD871CAE58AC00ADB56E /* ViewController.swift */,
				6D89BD891CAE58AC00ADB56E /* Main.storyboard */,
				6D89BD8C1CAE58AC00ADB56E /* Assets.xcassets */,
				6D89BD8E1CAE58AC00ADB56E /* LaunchScreen.storyboard */,
				6D89BD911CAE58AC00ADB56E /* Info.plist */,
			);
			path = ReproduceOptimizeCrash;
			sourceTree = "<group>";
		};
		6D89BD991CAE58AC00ADB56E /* ReproduceOptimizeCrashTests */ = {
			isa = PBXGroup;
			children = (
				6D89BD9A1CAE58AC00ADB56E /* ReproduceOptimizeCrashTests.swift */,
				6D89BD9C1CAE58AC00ADB56E /* Info.plist */,
			);
			path = ReproduceOptimizeCrashTests;
			sourceTree = "<group>";
		};
		6D89BDA41CAE58AC00ADB56E /* ReproduceOptimizeCrashUITests */ = {
			isa = PBXGroup;
			children = (
				6D89BDA51CAE58AC00ADB56E /* ReproduceOptimizeCrashUITests.swift */,
				6D89BDA71CAE58AC00ADB56E /* Info.plist */,
			);
			path = ReproduceOptimizeCrashUITests;
			sourceTree = "<group>";
		};
/* End PBXGroup section */

/* Begin PBXNativeTarget section */
		6D89BD811CAE58AC00ADB56E /* ReproduceOptimizeCrash */ = {
			isa = PBXNativeTarget;
			buildConfigurationList = 6D89BDAA1CAE58AC00ADB56E /* Build configuration list for PBXNativeTarget "ReproduceOptimizeCrash" */;
			buildPhases = (
				6D89BD7E1CAE58AC00ADB56E /* Sources */,
				6D89BD7F1CAE58AC00ADB56E /* Frameworks */,
				6D89BD801CAE58AC00ADB56E /* Resources */,
			);
			buildRules = (
			);
			dependencies = (
			);
			name = ReproduceOptimizeCrash;
			productName = ReproduceOptimizeCrash;
			productReference = 6D89BD821CAE58AC00ADB56E /* ReproduceOptimizeCrash.app */;
			productType = "com.apple.product-type.application";
		};
		6D89BD951CAE58AC00ADB56E /* ReproduceOptimizeCrashTests */ = {
			isa = PBXNativeTarget;
			buildConfigurationList = 6D89BDAD1CAE58AC00ADB56E /* Build configuration list for PBXNativeTarget "ReproduceOptimizeCrashTests" */;
			buildPhases = (
				6D89BD921CAE58AC00ADB56E /* Sources */,
				6D89BD931CAE58AC00ADB56E /* Frameworks */,
				6D89BD941CAE58AC00ADB56E /* Resources */,
			);
			buildRules = (
			);
			dependencies = (
				6D89BD981CAE58AC00ADB56E /* PBXTargetDependency */,
			);
			name = ReproduceOptimizeCrashTests;
			productName = ReproduceOptimizeCrashTests;
			productReference = 6D89BD961CAE58AC00ADB56E /* ReproduceOptimizeCrashTests.xctest */;
			productType = "com.apple.product-type.bundle.unit-test";
		};
		6D89BDA01CAE58AC00ADB56E /* ReproduceOptimizeCrashUITests */ = {
			isa = PBXNativeTarget;
			buildConfigurationList = 6D89BDB01CAE58AC00ADB56E /* Build configuration list for PBXNativeTarget "ReproduceOptimizeCrashUITests" */;
			buildPhases = (
				6D89BD9D1CAE58AC00ADB56E /* Sources */,
				6D89BD9E1CAE58AC00ADB56E /* Frameworks */,
				6D89BD9F1CAE58AC00ADB56E /* Resources */,
			);
			buildRules = (
			);
			dependencies = (
				6D89BDA31CAE58AC00ADB56E /* PBXTargetDependency */,
			);
			name = ReproduceOptimizeCrashUITests;
			productName = ReproduceOptimizeCrashUITests;
			productReference = 6D89BDA11CAE58AC00ADB56E /* ReproduceOptimizeCrashUITests.xctest */;
			productType = "com.apple.product-type.bundle.ui-testing";
		};
/* End PBXNativeTarget section */

/* Begin PBXProject section */
		6D89BD7A1CAE58AC00ADB56E /* Project object */ = {
			isa = PBXProject;
			attributes = {
				LastSwiftUpdateCheck = 0730;
				LastUpgradeCheck = 0730;
				ORGANIZATIONNAME = Moneyforward;
				TargetAttributes = {
					6D89BD811CAE58AC00ADB56E = {
						CreatedOnToolsVersion = 7.3;
					};
					6D89BD951CAE58AC00ADB56E = {
						CreatedOnToolsVersion = 7.3;
						TestTargetID = 6D89BD811CAE58AC00ADB56E;
					};
					6D89BDA01CAE58AC00ADB56E = {
						CreatedOnToolsVersion = 7.3;
						TestTargetID = 6D89BD811CAE58AC00ADB56E;
					};
				};
			};
			buildConfigurationList = 6D89BD7D1CAE58AC00ADB56E /* Build configuration list for PBXProject "ReproduceOptimizeCrash" */;
			compatibilityVersion = "Xcode 3.2";
			developmentRegion = English;
			hasScannedForEncodings = 0;
			knownRegions = (
				en,
				Base,
			);
			mainGroup = 6D89BD791CAE58AC00ADB56E;
			productRefGroup = 6D89BD831CAE58AC00ADB56E /* Products */;
			projectDirPath = "";
			projectRoot = "";
			targets = (
				6D89BD811CAE58AC00ADB56E /* ReproduceOptimizeCrash */,
				6D89BD951CAE58AC00ADB56E /* ReproduceOptimizeCrashTests */,
				6D89BDA01CAE58AC00ADB56E /* ReproduceOptimizeCrashUITests */,
			);
		};
/* End PBXProject section */

/* Begin PBXResourcesBuildPhase section */
		6D89BD801CAE58AC00ADB56E /* Resources */ = {
			isa = PBXResourcesBuildPhase;
			buildActionMask = 2147483647;
			files = (
				6D89BD901CAE58AC00ADB56E /* LaunchScreen.storyboard in Resources */,
				6D89BD8D1CAE58AC00ADB56E /* Assets.xcassets in Resources */,
				6D89BD8B1CAE58AC00ADB56E /* Main.storyboard in Resources */,
			);
			runOnlyForDeploymentPostprocessing = 0;
		};
		6D89BD941CAE58AC00ADB56E /* Resources */ = {
			isa = PBXResourcesBuildPhase;
			buildActionMask = 2147483647;
			files = (
			);
			runOnlyForDeploymentPostprocessing = 0;
		};
		6D89BD9F1CAE58AC00ADB56E /* Resources */ = {
			isa = PBXResourcesBuildPhase;
			buildActionMask = 2147483647;
			files = (
			);
			runOnlyForDeploymentPostprocessing = 0;
		};
/* End PBXResourcesBuildPhase section */

/* Begin PBXSourcesBuildPhase section */
		6D89BD7E1CAE58AC00ADB56E /* Sources */ = {
			isa = PBXSourcesBuildPhase;
			buildActionMask = 2147483647;
			files = (
				6D89BD881CAE58AC00ADB56E /* ViewController.swift in Sources */,
				6D89BD861CAE58AC00ADB56E /* AppDelegate.swift in Sources */,
			);
			runOnlyForDeploymentPostprocessing = 0;
		};
		6D89BD921CAE58AC00ADB56E /* Sources */ = {
			isa = PBXSourcesBuildPhase;
			buildActionMask = 2147483647;
			files = (
				6D89BD9B1CAE58AC00ADB56E /* ReproduceOptimizeCrashTests.swift in Sources */,
			);
			runOnlyForDeploymentPostprocessing = 0;
		};
		6D89BD9D1CAE58AC00ADB56E /* Sources */ = {
			isa = PBXSourcesBuildPhase;
			buildActionMask = 2147483647;
			files = (
				6D89BDA61CAE58AC00ADB56E /* ReproduceOptimizeCrashUITests.swift in Sources */,
			);
			runOnlyForDeploymentPostprocessing = 0;
		};
/* End PBXSourcesBuildPhase section */

/* Begin PBXTargetDependency section */
		6D89BD981CAE58AC00ADB56E /* PBXTargetDependency */ = {
			isa = PBXTargetDependency;
			target = 6D89BD811CAE58AC00ADB56E /* ReproduceOptimizeCrash */;
			targetProxy = 6D89BD971CAE58AC00ADB56E /* PBXContainerItemProxy */;
		};
		6D89BDA31CAE58AC00ADB56E /* PBXTargetDependency */ = {
			isa = PBXTargetDependency;
			target = 6D89BD811CAE58AC00ADB56E /* ReproduceOptimizeCrash */;
			targetProxy = 6D89BDA21CAE58AC00ADB56E /* PBXContainerItemProxy */;
		};
/* End PBXTargetDependency section */

/* Begin PBXVariantGroup section */
		6D89BD891CAE58AC00ADB56E /* Main.storyboard */ = {
			isa = PBXVariantGroup;
			children = (
				6D89BD8A1CAE58AC00ADB56E /* Base */,
			);
			name = Main.storyboard;
			sourceTree = "<group>";
		};
		6D89BD8E1CAE58AC00ADB56E /* LaunchScreen.storyboard */ = {
			isa = PBXVariantGroup;
			children = (
				6D89BD8F1CAE58AC00ADB56E /* Base */,
			);
			name = LaunchScreen.storyboard;
			sourceTree = "<group>";
		};
/* End PBXVariantGroup section */

/* Begin XCBuildConfiguration section */
		6D89BDA81CAE58AC00ADB56E /* Debug */ = {
			isa = XCBuildConfiguration;
			buildSettings = {
				ALWAYS_SEARCH_USER_PATHS = NO;
				CLANG_ANALYZER_NONNULL = YES;
				CLANG_CXX_LANGUAGE_STANDARD = "gnu++0x";
				CLANG_CXX_LIBRARY = "libc++";
				CLANG_ENABLE_MODULES = YES;
				CLANG_ENABLE_OBJC_ARC = YES;
				CLANG_WARN_BOOL_CONVERSION = YES;
				CLANG_WARN_CONSTANT_CONVERSION = YES;
				CLANG_WARN_DIRECT_OBJC_ISA_USAGE = YES_ERROR;
				CLANG_WARN_EMPTY_BODY = YES;
				CLANG_WARN_ENUM_CONVERSION = YES;
				CLANG_WARN_INT_CONVERSION = YES;
				CLANG_WARN_OBJC_ROOT_CLASS = YES_ERROR;
				CLANG_WARN_UNREACHABLE_CODE = YES;
				CLANG_WARN__DUPLICATE_METHOD_MATCH = YES;
				"CODE_SIGN_IDENTITY[sdk=iphoneos*]" = "iPhone Developer";
				COPY_PHASE_STRIP = NO;
				DEBUG_INFORMATION_FORMAT = dwarf;
				ENABLE_STRICT_OBJC_MSGSEND = YES;
				ENABLE_TESTABILITY = YES;
				GCC_C_LANGUAGE_STANDARD = gnu99;
				GCC_DYNAMIC_NO_PIC = NO;
				GCC_NO_COMMON_BLOCKS = YES;
				GCC_OPTIMIZATION_LEVEL = s;
				GCC_PREPROCESSOR_DEFINITIONS = (
					"DEBUG=1",
					"$(inherited)",
				);
				GCC_WARN_64_TO_32_BIT_CONVERSION = YES;
				GCC_WARN_ABOUT_RETURN_TYPE = YES_ERROR;
				GCC_WARN_UNDECLARED_SELECTOR = YES;
				GCC_WARN_UNINITIALIZED_AUTOS = YES_AGGRESSIVE;
				GCC_WARN_UNUSED_FUNCTION = YES;
				GCC_WARN_UNUSED_VARIABLE = YES;
				IPHONEOS_DEPLOYMENT_TARGET = 9.3;
				MTL_ENABLE_DEBUG_INFO = YES;
				ONLY_ACTIVE_ARCH = YES;
				SDKROOT = iphoneos;
				SWIFT_OPTIMIZATION_LEVEL = "-O";
				TARGETED_DEVICE_FAMILY = "1,2";
			};
			name = Debug;
		};
		6D89BDA91CAE58AC00ADB56E /* Release */ = {
			isa = XCBuildConfiguration;
			buildSettings = {
				ALWAYS_SEARCH_USER_PATHS = NO;
				CLANG_ANALYZER_NONNULL = YES;
				CLANG_CXX_LANGUAGE_STANDARD = "gnu++0x";
				CLANG_CXX_LIBRARY = "libc++";
				CLANG_ENABLE_MODULES = YES;
				CLANG_ENABLE_OBJC_ARC = YES;
				CLANG_WARN_BOOL_CONVERSION = YES;
				CLANG_WARN_CONSTANT_CONVERSION = YES;
				CLANG_WARN_DIRECT_OBJC_ISA_USAGE = YES_ERROR;
				CLANG_WARN_EMPTY_BODY = YES;
				CLANG_WARN_ENUM_CONVERSION = YES;
				CLANG_WARN_INT_CONVERSION = YES;
				CLANG_WARN_OBJC_ROOT_CLASS = YES_ERROR;
				CLANG_WARN_UNREACHABLE_CODE = YES;
				CLANG_WARN__DUPLICATE_METHOD_MATCH = YES;
				"CODE_SIGN_IDENTITY[sdk=iphoneos*]" = "iPhone Developer";
				COPY_PHASE_STRIP = NO;
				DEBUG_INFORMATION_FORMAT = "dwarf-with-dsym";
				ENABLE_NS_ASSERTIONS = NO;
				ENABLE_STRICT_OBJC_MSGSEND = YES;
				GCC_C_LANGUAGE_STANDARD = gnu99;
				GCC_NO_COMMON_BLOCKS = YES;
				GCC_WARN_64_TO_32_BIT_CONVERSION = YES;
				GCC_WARN_ABOUT_RETURN_TYPE = YES_ERROR;
				GCC_WARN_UNDECLARED_SELECTOR = YES;
				GCC_WARN_UNINITIALIZED_AUTOS = YES_AGGRESSIVE;
				GCC_WARN_UNUSED_FUNCTION = YES;
				GCC_WARN_UNUSED_VARIABLE = YES;
				IPHONEOS_DEPLOYMENT_TARGET = 9.3;
				MTL_ENABLE_DEBUG_INFO = NO;
				SDKROOT = iphoneos;
				SWIFT_OPTIMIZATION_LEVEL = "-O";
				TARGETED_DEVICE_FAMILY = "1,2";
				VALIDATE_PRODUCT = YES;
			};
			name = Release;
		};
		6D89BDAB1CAE58AC00ADB56E /* Debug */ = {
			isa = XCBuildConfiguration;
			buildSettings = {
				ASSETCATALOG_COMPILER_APPICON_NAME = AppIcon;
				INFOPLIST_FILE = ReproduceOptimizeCrash/Info.plist;
				LD_RUNPATH_SEARCH_PATHS = "$(inherited) @executable_path/Frameworks";
				PRODUCT_BUNDLE_IDENTIFIER = com.moneyforward.ReproduceOptimizeCrash;
				PRODUCT_NAME = "$(TARGET_NAME)";
			};
			name = Debug;
		};
		6D89BDAC1CAE58AC00ADB56E /* Release */ = {
			isa = XCBuildConfiguration;
			buildSettings = {
				ASSETCATALOG_COMPILER_APPICON_NAME = AppIcon;
				INFOPLIST_FILE = ReproduceOptimizeCrash/Info.plist;
				LD_RUNPATH_SEARCH_PATHS = "$(inherited) @executable_path/Frameworks";
				PRODUCT_BUNDLE_IDENTIFIER = com.moneyforward.ReproduceOptimizeCrash;
				PRODUCT_NAME = "$(TARGET_NAME)";
			};
			name = Release;
		};
		6D89BDAE1CAE58AC00ADB56E /* Debug */ = {
			isa = XCBuildConfiguration;
			buildSettings = {
				BUNDLE_LOADER = "$(TEST_HOST)";
				INFOPLIST_FILE = ReproduceOptimizeCrashTests/Info.plist;
				LD_RUNPATH_SEARCH_PATHS = "$(inherited) @executable_path/Frameworks @loader_path/Frameworks";
				PRODUCT_BUNDLE_IDENTIFIER = com.moneyforward.ReproduceOptimizeCrashTests;
				PRODUCT_NAME = "$(TARGET_NAME)";
				TEST_HOST = "$(BUILT_PRODUCTS_DIR)/ReproduceOptimizeCrash.app/ReproduceOptimizeCrash";
			};
			name = Debug;
		};
		6D89BDAF1CAE58AC00ADB56E /* Release */ = {
			isa = XCBuildConfiguration;
			buildSettings = {
				BUNDLE_LOADER = "$(TEST_HOST)";
				INFOPLIST_FILE = ReproduceOptimizeCrashTests/Info.plist;
				LD_RUNPATH_SEARCH_PATHS = "$(inherited) @executable_path/Frameworks @loader_path/Frameworks";
				PRODUCT_BUNDLE_IDENTIFIER = com.moneyforward.ReproduceOptimizeCrashTests;
				PRODUCT_NAME = "$(TARGET_NAME)";
				TEST_HOST = "$(BUILT_PRODUCTS_DIR)/ReproduceOptimizeCrash.app/ReproduceOptimizeCrash";
			};
			name = Release;
		};
		6D89BDB11CAE58AC00ADB56E /* Debug */ = {
			isa = XCBuildConfiguration;
			buildSettings = {
				INFOPLIST_FILE = ReproduceOptimizeCrashUITests/Info.plist;
				LD_RUNPATH_SEARCH_PATHS = "$(inherited) @executable_path/Frameworks @loader_path/Frameworks";
				PRODUCT_BUNDLE_IDENTIFIER = com.moneyforward.ReproduceOptimizeCrashUITests;
				PRODUCT_NAME = "$(TARGET_NAME)";
				TEST_TARGET_NAME = ReproduceOptimizeCrash;
			};
			name = Debug;
		};
		6D89BDB21CAE58AC00ADB56E /* Release */ = {
			isa = XCBuildConfiguration;
			buildSettings = {
				INFOPLIST_FILE = ReproduceOptimizeCrashUITests/Info.plist;
				LD_RUNPATH_SEARCH_PATHS = "$(inherited) @executable_path/Frameworks @loader_path/Frameworks";
				PRODUCT_BUNDLE_IDENTIFIER = com.moneyforward.ReproduceOptimizeCrashUITests;
				PRODUCT_NAME = "$(TARGET_NAME)";
				TEST_TARGET_NAME = ReproduceOptimizeCrash;
			};
			name = Release;
		};
/* End XCBuildConfiguration section */

/* Begin XCConfigurationList section */
		6D89BD7D1CAE58AC00ADB56E /* Build configuration list for PBXProject "ReproduceOptimizeCrash" */ = {
			isa = XCConfigurationList;
			buildConfigurations = (
				6D89BDA81CAE58AC00ADB56E /* Debug */,
				6D89BDA91CAE58AC00ADB56E /* Release */,
			);
			defaultConfigurationIsVisible = 0;
			defaultConfigurationName = Release;
		};
		6D89BDAA1CAE58AC00ADB56E /* Build configuration list for PBXNativeTarget "ReproduceOptimizeCrash" */ = {
			isa = XCConfigurationList;
			buildConfigurations = (
				6D89BDAB1CAE58AC00ADB56E /* Debug */,
				6D89BDAC1CAE58AC00ADB56E /* Release */,
			);
			defaultConfigurationIsVisible = 0;
		};
		6D89BDAD1CAE58AC00ADB56E /* Build configuration list for PBXNativeTarget "ReproduceOptimizeCrashTests" */ = {
			isa = XCConfigurationList;
			buildConfigurations = (
				6D89BDAE1CAE58AC00ADB56E /* Debug */,
				6D89BDAF1CAE58AC00ADB56E /* Release */,
			);
			defaultConfigurationIsVisible = 0;
		};
		6D89BDB01CAE58AC00ADB56E /* Build configuration list for PBXNativeTarget "ReproduceOptimizeCrashUITests" */ = {
			isa = XCConfigurationList;
			buildConfigurations = (
				6D89BDB11CAE58AC00ADB56E /* Debug */,
				6D89BDB21CAE58AC00ADB56E /* Release */,
			);
			defaultConfigurationIsVisible = 0;
		};
/* End XCConfigurationList section */
	};
	rootObject = 6D89BD7A1CAE58AC00ADB56E /* Project object */;
}
